// !$*UTF8*$!
{
	archiveVersion = 1;
	classes = {
	};
	objectVersion = 56;
	objects = {

/* Begin PBXBuildFile section */
		FB9BB36C2C0973680027801A /* activity ring-sample Watch App.app in Embed Watch Content */ = {isa = PBXBuildFile; fileRef = FB9BB36B2C0973680027801A /* activity ring-sample Watch App.app */; settings = {ATTRIBUTES = (RemoveHeadersOnCopy, ); }; };
		FB9BB3712C0973680027801A /* activity_ring_sampleApp.swift in Sources */ = {isa = PBXBuildFile; fileRef = FB9BB3702C0973680027801A /* activity_ring_sampleApp.swift */; };
		FB9BB3732C0973680027801A /* ContentView.swift in Sources */ = {isa = PBXBuildFile; fileRef = FB9BB3722C0973680027801A /* ContentView.swift */; };
		FB9BB3752C0973690027801A /* Assets.xcassets in Resources */ = {isa = PBXBuildFile; fileRef = FB9BB3742C0973690027801A /* Assets.xcassets */; };
		FB9BB3782C0973690027801A /* Preview Assets.xcassets in Resources */ = {isa = PBXBuildFile; fileRef = FB9BB3772C0973690027801A /* Preview Assets.xcassets */; };
		FB9BB3832C0973A90027801A /* ActivityRingViewRepresentable.swift in Sources */ = {isa = PBXBuildFile; fileRef = FB9BB3822C0973A90027801A /* ActivityRingViewRepresentable.swift */; };
/* End PBXBuildFile section */

/* Begin PBXContainerItemProxy section */
		FB9BB36D2C0973680027801A /* PBXContainerItemProxy */ = {
			isa = PBXContainerItemProxy;
			containerPortal = FB9BB35F2C0973680027801A /* Project object */;
			proxyType = 1;
			remoteGlobalIDString = FB9BB36A2C0973680027801A;
			remoteInfo = "activity ring-sample Watch App";
		};
/* End PBXContainerItemProxy section */

/* Begin PBXCopyFilesBuildPhase section */
		FB9BB37E2C0973690027801A /* Embed Watch Content */ = {
			isa = PBXCopyFilesBuildPhase;
			buildActionMask = 2147483647;
			dstPath = "$(CONTENTS_FOLDER_PATH)/Watch";
			dstSubfolderSpec = 16;
			files = (
				FB9BB36C2C0973680027801A /* activity ring-sample Watch App.app in Embed Watch Content */,
			);
			name = "Embed Watch Content";
			runOnlyForDeploymentPostprocessing = 0;
		};
/* End PBXCopyFilesBuildPhase section */

/* Begin PBXFileReference section */
		FB9BB3652C0973680027801A /* activity ring-sample.app */ = {isa = PBXFileReference; explicitFileType = wrapper.application; includeInIndex = 0; path = "activity ring-sample.app"; sourceTree = BUILT_PRODUCTS_DIR; };
		FB9BB36B2C0973680027801A /* activity ring-sample Watch App.app */ = {isa = PBXFileReference; explicitFileType = wrapper.application; includeInIndex = 0; path = "activity ring-sample Watch App.app"; sourceTree = BUILT_PRODUCTS_DIR; };
		FB9BB3702C0973680027801A /* activity_ring_sampleApp.swift */ = {isa = PBXFileReference; lastKnownFileType = sourcecode.swift; path = activity_ring_sampleApp.swift; sourceTree = "<group>"; };
		FB9BB3722C0973680027801A /* ContentView.swift */ = {isa = PBXFileReference; lastKnownFileType = sourcecode.swift; path = ContentView.swift; sourceTree = "<group>"; };
		FB9BB3742C0973690027801A /* Assets.xcassets */ = {isa = PBXFileReference; lastKnownFileType = folder.assetcatalog; path = Assets.xcassets; sourceTree = "<group>"; };
		FB9BB3772C0973690027801A /* Preview Assets.xcassets */ = {isa = PBXFileReference; lastKnownFileType = folder.assetcatalog; path = "Preview Assets.xcassets"; sourceTree = "<group>"; };
		FB9BB3822C0973A90027801A /* ActivityRingViewRepresentable.swift */ = {isa = PBXFileReference; lastKnownFileType = sourcecode.swift; path = ActivityRingViewRepresentable.swift; sourceTree = "<group>"; };
		FB9BB3842C0973FC0027801A /* activity ring-sample Watch App.entitlements */ = {isa = PBXFileReference; lastKnownFileType = text.plist.entitlements; path = "activity ring-sample Watch App.entitlements"; sourceTree = "<group>"; };
/* End PBXFileReference section */

/* Begin PBXFrameworksBuildPhase section */
		FB9BB3682C0973680027801A /* Frameworks */ = {
			isa = PBXFrameworksBuildPhase;
			buildActionMask = 2147483647;
			files = (
			);
			runOnlyForDeploymentPostprocessing = 0;
		};
/* End PBXFrameworksBuildPhase section */

/* Begin PBXGroup section */
		FB9BB35E2C0973680027801A = {
			isa = PBXGroup;
			children = (
				FB9BB36F2C0973680027801A /* activity ring-sample Watch App */,
				FB9BB3662C0973680027801A /* Products */,
			);
			sourceTree = "<group>";
		};
		FB9BB3662C0973680027801A /* Products */ = {
			isa = PBXGroup;
			children = (
				FB9BB3652C0973680027801A /* activity ring-sample.app */,
				FB9BB36B2C0973680027801A /* activity ring-sample Watch App.app */,
			);
			name = Products;
			sourceTree = "<group>";
		};
		FB9BB36F2C0973680027801A /* activity ring-sample Watch App */ = {
			isa = PBXGroup;
			children = (
				FB9BB3842C0973FC0027801A /* activity ring-sample Watch App.entitlements */,
				FB9BB3702C0973680027801A /* activity_ring_sampleApp.swift */,
				FB9BB3722C0973680027801A /* ContentView.swift */,
				FB9BB3822C0973A90027801A /* ActivityRingViewRepresentable.swift */,
				FB9BB3742C0973690027801A /* Assets.xcassets */,
				FB9BB3762C0973690027801A /* Preview Content */,
			);
			path = "activity ring-sample Watch App";
			sourceTree = "<group>";
		};
		FB9BB3762C0973690027801A /* Preview Content */ = {
			isa = PBXGroup;
			children = (
				FB9BB3772C0973690027801A /* Preview Assets.xcassets */,
			);
			path = "Preview Content";
			sourceTree = "<group>";
		};
/* End PBXGroup section */

/* Begin PBXNativeTarget section */
		FB9BB3642C0973680027801A /* activity ring-sample */ = {
			isa = PBXNativeTarget;
			buildConfigurationList = FB9BB37F2C0973690027801A /* Build configuration list for PBXNativeTarget "activity ring-sample" */;
			buildPhases = (
				FB9BB3632C0973680027801A /* Resources */,
				FB9BB37E2C0973690027801A /* Embed Watch Content */,
			);
			buildRules = (
			);
			dependencies = (
				FB9BB36E2C0973680027801A /* PBXTargetDependency */,
			);
			name = "activity ring-sample";
			productName = "activity ring-sample";
			productReference = FB9BB3652C0973680027801A /* activity ring-sample.app */;
			productType = "com.apple.product-type.application.watchapp2-container";
		};
		FB9BB36A2C0973680027801A /* activity ring-sample Watch App */ = {
			isa = PBXNativeTarget;
			buildConfigurationList = FB9BB37B2C0973690027801A /* Build configuration list for PBXNativeTarget "activity ring-sample Watch App" */;
			buildPhases = (
				FB9BB3672C0973680027801A /* Sources */,
				FB9BB3682C0973680027801A /* Frameworks */,
				FB9BB3692C0973680027801A /* Resources */,
			);
			buildRules = (
			);
			dependencies = (
			);
			name = "activity ring-sample Watch App";
			productName = "activity ring-sample Watch App";
			productReference = FB9BB36B2C0973680027801A /* activity ring-sample Watch App.app */;
			productType = "com.apple.product-type.application";
		};
/* End PBXNativeTarget section */

/* Begin PBXProject section */
		FB9BB35F2C0973680027801A /* Project object */ = {
			isa = PBXProject;
			attributes = {
				BuildIndependentTargetsInParallel = 1;
				LastSwiftUpdateCheck = 1540;
				LastUpgradeCheck = 1540;
				TargetAttributes = {
					FB9BB3642C0973680027801A = {
						CreatedOnToolsVersion = 15.4;
					};
					FB9BB36A2C0973680027801A = {
						CreatedOnToolsVersion = 15.4;
					};
				};
			};
			buildConfigurationList = FB9BB3622C0973680027801A /* Build configuration list for PBXProject "activity ring-sample" */;
			compatibilityVersion = "Xcode 14.0";
			developmentRegion = en;
			hasScannedForEncodings = 0;
			knownRegions = (
				en,
				Base,
			);
			mainGroup = FB9BB35E2C0973680027801A;
			productRefGroup = FB9BB3662C0973680027801A /* Products */;
			projectDirPath = "";
			projectRoot = "";
			targets = (
				FB9BB3642C0973680027801A /* activity ring-sample */,
				FB9BB36A2C0973680027801A /* activity ring-sample Watch App */,
			);
		};
/* End PBXProject section */

/* Begin PBXResourcesBuildPhase section */
		FB9BB3632C0973680027801A /* Resources */ = {
			isa = PBXResourcesBuildPhase;
			buildActionMask = 2147483647;
			files = (
			);
			runOnlyForDeploymentPostprocessing = 0;
		};
		FB9BB3692C0973680027801A /* Resources */ = {
			isa = PBXResourcesBuildPhase;
			buildActionMask = 2147483647;
			files = (
				FB9BB3782C0973690027801A /* Preview Assets.xcassets in Resources */,
				FB9BB3752C0973690027801A /* Assets.xcassets in Resources */,
			);
			runOnlyForDeploymentPostprocessing = 0;
		};
/* End PBXResourcesBuildPhase section */

/* Begin PBXSourcesBuildPhase section */
		FB9BB3672C0973680027801A /* Sources */ = {
			isa = PBXSourcesBuildPhase;
			buildActionMask = 2147483647;
			files = (
				FB9BB3732C0973680027801A /* ContentView.swift in Sources */,
				FB9BB3712C0973680027801A /* activity_ring_sampleApp.swift in Sources */,
				FB9BB3832C0973A90027801A /* ActivityRingViewRepresentable.swift in Sources */,
			);
			runOnlyForDeploymentPostprocessing = 0;
		};
/* End PBXSourcesBuildPhase section */

/* Begin PBXTargetDependency section */
		FB9BB36E2C0973680027801A /* PBXTargetDependency */ = {
			isa = PBXTargetDependency;
			target = FB9BB36A2C0973680027801A /* activity ring-sample Watch App */;
			targetProxy = FB9BB36D2C0973680027801A /* PBXContainerItemProxy */;
		};
/* End PBXTargetDependency section */

/* Begin XCBuildConfiguration section */
		FB9BB3792C0973690027801A /* Debug */ = {
			isa = XCBuildConfiguration;
			buildSettings = {
				ALWAYS_SEARCH_USER_PATHS = NO;
				ASSETCATALOG_COMPILER_GENERATE_SWIFT_ASSET_SYMBOL_EXTENSIONS = YES;
				CLANG_ANALYZER_NONNULL = YES;
				CLANG_ANALYZER_NUMBER_OBJECT_CONVERSION = YES_AGGRESSIVE;
				CLANG_CXX_LANGUAGE_STANDARD = "gnu++20";
				CLANG_ENABLE_MODULES = YES;
				CLANG_ENABLE_OBJC_ARC = YES;
				CLANG_ENABLE_OBJC_WEAK = YES;
				CLANG_WARN_BLOCK_CAPTURE_AUTORELEASING = YES;
				CLANG_WARN_BOOL_CONVERSION = YES;
				CLANG_WARN_COMMA = YES;
				CLANG_WARN_CONSTANT_CONVERSION = YES;
				CLANG_WARN_DEPRECATED_OBJC_IMPLEMENTATIONS = YES;
				CLANG_WARN_DIRECT_OBJC_ISA_USAGE = YES_ERROR;
				CLANG_WARN_DOCUMENTATION_COMMENTS = YES;
				CLANG_WARN_EMPTY_BODY = YES;
				CLANG_WARN_ENUM_CONVERSION = YES;
				CLANG_WARN_INFINITE_RECURSION = YES;
				CLANG_WARN_INT_CONVERSION = YES;
				CLANG_WARN_NON_LITERAL_NULL_CONVERSION = YES;
				CLANG_WARN_OBJC_IMPLICIT_RETAIN_SELF = YES;
				CLANG_WARN_OBJC_LITERAL_CONVERSION = YES;
				CLANG_WARN_OBJC_ROOT_CLASS = YES_ERROR;
				CLANG_WARN_QUOTED_INCLUDE_IN_FRAMEWORK_HEADER = YES;
				CLANG_WARN_RANGE_LOOP_ANALYSIS = YES;
				CLANG_WARN_STRICT_PROTOTYPES = YES;
				CLANG_WARN_SUSPICIOUS_MOVE = YES;
				CLANG_WARN_UNGUARDED_AVAILABILITY = YES_AGGRESSIVE;
				CLANG_WARN_UNREACHABLE_CODE = YES;
				CLANG_WARN__DUPLICATE_METHOD_MATCH = YES;
				COPY_PHASE_STRIP = NO;
				DEBUG_INFORMATION_FORMAT = dwarf;
				ENABLE_STRICT_OBJC_MSGSEND = YES;
				ENABLE_TESTABILITY = YES;
				ENABLE_USER_SCRIPT_SANDBOXING = YES;
				GCC_C_LANGUAGE_STANDARD = gnu17;
				GCC_DYNAMIC_NO_PIC = NO;
				GCC_NO_COMMON_BLOCKS = YES;
				GCC_OPTIMIZATION_LEVEL = 0;
				GCC_PREPROCESSOR_DEFINITIONS = (
					"DEBUG=1",
					"$(inherited)",
				);
				GCC_WARN_64_TO_32_BIT_CONVERSION = YES;
				GCC_WARN_ABOUT_RETURN_TYPE = YES_ERROR;
				GCC_WARN_UNDECLARED_SELECTOR = YES;
				GCC_WARN_UNINITIALIZED_AUTOS = YES_AGGRESSIVE;
				GCC_WARN_UNUSED_FUNCTION = YES;
				GCC_WARN_UNUSED_VARIABLE = YES;
				LOCALIZATION_PREFERS_STRING_CATALOGS = YES;
				MTL_ENABLE_DEBUG_INFO = INCLUDE_SOURCE;
				MTL_FAST_MATH = YES;
				ONLY_ACTIVE_ARCH = YES;
				SWIFT_ACTIVE_COMPILATION_CONDITIONS = "DEBUG $(inherited)";
				SWIFT_OPTIMIZATION_LEVEL = "-Onone";
			};
			name = Debug;
		};
		FB9BB37A2C0973690027801A /* Release */ = {
			isa = XCBuildConfiguration;
			buildSettings = {
				ALWAYS_SEARCH_USER_PATHS = NO;
				ASSETCATALOG_COMPILER_GENERATE_SWIFT_ASSET_SYMBOL_EXTENSIONS = YES;
				CLANG_ANALYZER_NONNULL = YES;
				CLANG_ANALYZER_NUMBER_OBJECT_CONVERSION = YES_AGGRESSIVE;
				CLANG_CXX_LANGUAGE_STANDARD = "gnu++20";
				CLANG_ENABLE_MODULES = YES;
				CLANG_ENABLE_OBJC_ARC = YES;
				CLANG_ENABLE_OBJC_WEAK = YES;
				CLANG_WARN_BLOCK_CAPTURE_AUTORELEASING = YES;
				CLANG_WARN_BOOL_CONVERSION = YES;
				CLANG_WARN_COMMA = YES;
				CLANG_WARN_CONSTANT_CONVERSION = YES;
				CLANG_WARN_DEPRECATED_OBJC_IMPLEMENTATIONS = YES;
				CLANG_WARN_DIRECT_OBJC_ISA_USAGE = YES_ERROR;
				CLANG_WARN_DOCUMENTATION_COMMENTS = YES;
				CLANG_WARN_EMPTY_BODY = YES;
				CLANG_WARN_ENUM_CONVERSION = YES;
				CLANG_WARN_INFINITE_RECURSION = YES;
				CLANG_WARN_INT_CONVERSION = YES;
				CLANG_WARN_NON_LITERAL_NULL_CONVERSION = YES;
				CLANG_WARN_OBJC_IMPLICIT_RETAIN_SELF = YES;
				CLANG_WARN_OBJC_LITERAL_CONVERSION = YES;
				CLANG_WARN_OBJC_ROOT_CLASS = YES_ERROR;
				CLANG_WARN_QUOTED_INCLUDE_IN_FRAMEWORK_HEADER = YES;
				CLANG_WARN_RANGE_LOOP_ANALYSIS = YES;
				CLANG_WARN_STRICT_PROTOTYPES = YES;
				CLANG_WARN_SUSPICIOUS_MOVE = YES;
				CLANG_WARN_UNGUARDED_AVAILABILITY = YES_AGGRESSIVE;
				CLANG_WARN_UNREACHABLE_CODE = YES;
				CLANG_WARN__DUPLICATE_METHOD_MATCH = YES;
				COPY_PHASE_STRIP = NO;
				DEBUG_INFORMATION_FORMAT = "dwarf-with-dsym";
				ENABLE_NS_ASSERTIONS = NO;
				ENABLE_STRICT_OBJC_MSGSEND = YES;
				ENABLE_USER_SCRIPT_SANDBOXING = YES;
				GCC_C_LANGUAGE_STANDARD = gnu17;
				GCC_NO_COMMON_BLOCKS = YES;
				GCC_WARN_64_TO_32_BIT_CONVERSION = YES;
				GCC_WARN_ABOUT_RETURN_TYPE = YES_ERROR;
				GCC_WARN_UNDECLARED_SELECTOR = YES;
				GCC_WARN_UNINITIALIZED_AUTOS = YES_AGGRESSIVE;
				GCC_WARN_UNUSED_FUNCTION = YES;
				GCC_WARN_UNUSED_VARIABLE = YES;
				LOCALIZATION_PREFERS_STRING_CATALOGS = YES;
				MTL_ENABLE_DEBUG_INFO = NO;
				MTL_FAST_MATH = YES;
				SWIFT_COMPILATION_MODE = wholemodule;
			};
			name = Release;
		};
		FB9BB37C2C0973690027801A /* Debug */ = {
			isa = XCBuildConfiguration;
			buildSettings = {
				ASSETCATALOG_COMPILER_APPICON_NAME = AppIcon;
				ASSETCATALOG_COMPILER_GLOBAL_ACCENT_COLOR_NAME = AccentColor;
				CODE_SIGN_ENTITLEMENTS = "activity ring-sample Watch App/activity ring-sample Watch App.entitlements";
				CODE_SIGN_STYLE = Automatic;
				CURRENT_PROJECT_VERSION = 1;
				DEVELOPMENT_ASSET_PATHS = "\"activity ring-sample Watch App/Preview Content\"";
				DEVELOPMENT_TEAM = 68FP6TZ275;
				ENABLE_PREVIEWS = YES;
				GENERATE_INFOPLIST_FILE = YES;
				INFOPLIST_KEY_CFBundleDisplayName = "activity ring-sample";
				INFOPLIST_KEY_UISupportedInterfaceOrientations = "UIInterfaceOrientationPortrait UIInterfaceOrientationPortraitUpsideDown";
				INFOPLIST_KEY_WKWatchOnly = YES;
				LD_RUNPATH_SEARCH_PATHS = (
					"$(inherited)",
					"@executable_path/Frameworks",
				);
				MARKETING_VERSION = 1.0;
				PRODUCT_BUNDLE_IDENTIFIER = "opensource.activity-ring-sample.watchkitapp";
				PRODUCT_NAME = "$(TARGET_NAME)";
				SDKROOT = watchos;
				SKIP_INSTALL = YES;
				SWIFT_EMIT_LOC_STRINGS = YES;
				SWIFT_VERSION = 5.0;
				TARGETED_DEVICE_FAMILY = 4;
				WATCHOS_DEPLOYMENT_TARGET = 10.5;
			};
			name = Debug;
		};
		FB9BB37D2C0973690027801A /* Release */ = {
			isa = XCBuildConfiguration;
			buildSettings = {
				ASSETCATALOG_COMPILER_APPICON_NAME = AppIcon;
				ASSETCATALOG_COMPILER_GLOBAL_ACCENT_COLOR_NAME = AccentColor;
				CODE_SIGN_ENTITLEMENTS = "activity ring-sample Watch App/activity ring-sample Watch App.entitlements";
				CODE_SIGN_STYLE = Automatic;
				CURRENT_PROJECT_VERSION = 1;
				DEVELOPMENT_ASSET_PATHS = "\"activity ring-sample Watch App/Preview Content\"";
				DEVELOPMENT_TEAM = 68FP6TZ275;
				ENABLE_PREVIEWS = YES;
				GENERATE_INFOPLIST_FILE = YES;
				INFOPLIST_KEY_CFBundleDisplayName = "activity ring-sample";
				INFOPLIST_KEY_UISupportedInterfaceOrientations = "UIInterfaceOrientationPortrait UIInterfaceOrientationPortraitUpsideDown";
				INFOPLIST_KEY_WKWatchOnly = YES;
				LD_RUNPATH_SEARCH_PATHS = (
					"$(inherited)",
					"@executable_path/Frameworks",
				);
				MARKETING_VERSION = 1.0;
				PRODUCT_BUNDLE_IDENTIFIER = "opensource.activity-ring-sample.watchkitapp";
				PRODUCT_NAME = "$(TARGET_NAME)";
				SDKROOT = watchos;
				SKIP_INSTALL = YES;
				SWIFT_EMIT_LOC_STRINGS = YES;
				SWIFT_VERSION = 5.0;
				TARGETED_DEVICE_FAMILY = 4;
				VALIDATE_PRODUCT = YES;
				WATCHOS_DEPLOYMENT_TARGET = 10.5;
			};
			name = Release;
		};
		FB9BB3802C0973690027801A /* Debug */ = {
			isa = XCBuildConfiguration;
			buildSettings = {
				ALWAYS_EMBED_SWIFT_STANDARD_LIBRARIES = YES;
				CODE_SIGN_STYLE = Automatic;
				CURRENT_PROJECT_VERSION = 1;
				INFOPLIST_KEY_CFBundleDisplayName = "activity ring-sample";
				MARKETING_VERSION = 1.0;
				PRODUCT_BUNDLE_IDENTIFIER = "opensource.activity-ring-sample";
				PRODUCT_NAME = "$(TARGET_NAME)";
				SDKROOT = iphoneos;
				SWIFT_VERSION = 5.0;
			};
			name = Debug;
		};
		FB9BB3812C0973690027801A /* Release */ = {
			isa = XCBuildConfiguration;
			buildSettings = {
				ALWAYS_EMBED_SWIFT_STANDARD_LIBRARIES = YES;
				CODE_SIGN_STYLE = Automatic;
				CURRENT_PROJECT_VERSION = 1;
				INFOPLIST_KEY_CFBundleDisplayName = "activity ring-sample";
				MARKETING_VERSION = 1.0;
				PRODUCT_BUNDLE_IDENTIFIER = "opensource.activity-ring-sample";
				PRODUCT_NAME = "$(TARGET_NAME)";
				SDKROOT = iphoneos;
				SWIFT_VERSION = 5.0;
				VALIDATE_PRODUCT = YES;
			};
			name = Release;
		};
/* End XCBuildConfiguration section */

/* Begin XCConfigurationList section */
		FB9BB3622C0973680027801A /* Build configuration list for PBXProject "activity ring-sample" */ = {
			isa = XCConfigurationList;
			buildConfigurations = (
				FB9BB3792C0973690027801A /* Debug */,
				FB9BB37A2C0973690027801A /* Release */,
			);
			defaultConfigurationIsVisible = 0;
			defaultConfigurationName = Release;
		};
		FB9BB37B2C0973690027801A /* Build configuration list for PBXNativeTarget "activity ring-sample Watch App" */ = {
			isa = XCConfigurationList;
			buildConfigurations = (
				FB9BB37C2C0973690027801A /* Debug */,
				FB9BB37D2C0973690027801A /* Release */,
			);
			defaultConfigurationIsVisible = 0;
			defaultConfigurationName = Release;
		};
		FB9BB37F2C0973690027801A /* Build configuration list for PBXNativeTarget "activity ring-sample" */ = {
			isa = XCConfigurationList;
			buildConfigurations = (
				FB9BB3802C0973690027801A /* Debug */,
				FB9BB3812C0973690027801A /* Release */,
			);
			defaultConfigurationIsVisible = 0;
			defaultConfigurationName = Release;
		};
/* End XCConfigurationList section */
	};
	rootObject = FB9BB35F2C0973680027801A /* Project object */;
}
